
Microsoft Visual Studio Solution File, Format Version 12.00
# Visual Studio Version 17
VisualStudioVersion = 17.5.33530.505
MinimumVisualStudioVersion = 10.0.40219.1
Project("{8BC9CEB8-8B4A-11D0-8D11-00A0C91BC942}") = "RadDbg", "RadDbg.vcxproj", "{B40127E6-651F-4FCE-9581-A4A9B71DBB37}"
EndProject
Global
	GlobalSection(SolutionConfigurationPlatforms) = preSolution
		Debug|x64 = Debug|x64
		Debug|x86 = Debug|x86
		Release|x64 = Release|x64
		Release|x86 = Release|x86
	EndGlobalSection
	GlobalSection(ProjectConfigurationPlatforms) = postSolution
		{B40127E6-651F-4FCE-9581-A4A9B71DBB37}.Debug|x64.ActiveCfg = Debug|x64
		{B40127E6-651F-4FCE-9581-A4A9B71DBB37}.Debug|x64.Build.0 = Debug|x64
		{B40127E6-651F-4FCE-9581-A4A9B71DBB37}.Debug|x86.ActiveCfg = Debug|Win32
		{B40127E6-651F-4FCE-9581-A4A9B71DBB37}.Debug|x86.Build.0 = Debug|Win32
		{B40127E6-651F-4FCE-9581-A4A9B71DBB37}.Release|x64.ActiveCfg = Release|x64
		{B40127E6-651F-4FCE-9581-A4A9B71DBB37}.Release|x64.Build.0 = Release|x64
		{B40127E6-651F-4FCE-9581-A4A9B71DBB37}.Release|x86.ActiveCfg = Release|Win32
		{B40127E6-651F-4FCE-9581-A4A9B71DBB37}.Release|x86.Build.0 = Release|Win32
	EndGlobalSection
	GlobalSection(SolutionProperties) = preSolution
		HideSolutionNode = FALSE
	EndGlobalSection
	GlobalSection(ExtensibilityGlobals) = postSolution
		SolutionGuid = {B234337F-CD71-43AE-A0A5-E03849542807}
	EndGlobalSection
EndGlobal
